
Microsoft Visual Studio Solution File, Format Version 12.00
# Visual Studio Version 17
VisualStudioVersion = 17.0.32112.339
MinimumVisualStudioVersion = 10.0.40219.1
Project("{9A19103F-16F7-4668-BE54-9A1E7A4F7556}") = "DemonstrateBuilders.Test", "DemonstrateBuilders.Test\DemonstrateBuilders.Test.csproj", "{5DC0B4CA-634D-4B17-B332-B550AB2B8B6B}"
EndProject
Project("{9A19103F-16F7-4668-BE54-9A1E7A4F7556}") = "DemonstrateBuilders", "DemonstrateBuilders\DemonstrateBuilders.csproj", "{3BD60F5E-6A26-4A4D-BE21-C386F31A3797}"
EndProject
Project("{2150E333-8FDC-42A3-9474-1A3956D46DE8}") = "Solution Items", "Solution Items", "{070494C8-D247-4A49-89B6-A2519D7A10EF}"
	ProjectSection(SolutionItems) = preProject
		.editorconfig = .editorconfig
		.gitattributes = .gitattributes
		.gitignore = .gitignore
		ReadMe.md = ReadMe.md
	EndProjectSection
EndProject
Project("{2150E333-8FDC-42A3-9474-1A3956D46DE8}") = "dev-docs", "dev-docs", "{8D2C0E20-8473-4E68-9B38-CC75ED9320C6}"
	ProjectSection(SolutionItems) = preProject
		dev-docs\building.md = dev-docs\building.md
		dev-docs\coding.md = dev-docs\coding.md
		dev-docs\source-control.md = dev-docs\source-control.md
	EndProjectSection
EndProject
Global
	GlobalSection(SolutionConfigurationPlatforms) = preSolution
		Debug|Any CPU = Debug|Any CPU
		Release|Any CPU = Release|Any CPU
	EndGlobalSection
	GlobalSection(ProjectConfigurationPlatforms) = postSolution
		{5DC0B4CA-634D-4B17-B332-B550AB2B8B6B}.Debug|Any CPU.ActiveCfg = Debug|Any CPU
		{5DC0B4CA-634D-4B17-B332-B550AB2B8B6B}.Debug|Any CPU.Build.0 = Debug|Any CPU
		{5DC0B4CA-634D-4B17-B332-B550AB2B8B6B}.Release|Any CPU.ActiveCfg = Release|Any CPU
		{5DC0B4CA-634D-4B17-B332-B550AB2B8B6B}.Release|Any CPU.Build.0 = Release|Any CPU
		{3BD60F5E-6A26-4A4D-BE21-C386F31A3797}.Debug|Any CPU.ActiveCfg = Debug|Any CPU
		{3BD60F5E-6A26-4A4D-BE21-C386F31A3797}.Debug|Any CPU.Build.0 = Debug|Any CPU
		{3BD60F5E-6A26-4A4D-BE21-C386F31A3797}.Release|Any CPU.ActiveCfg = Release|Any CPU
		{3BD60F5E-6A26-4A4D-BE21-C386F31A3797}.Release|Any CPU.Build.0 = Release|Any CPU
	EndGlobalSection
	GlobalSection(SolutionProperties) = preSolution
		HideSolutionNode = FALSE
	EndGlobalSection
	GlobalSection(NestedProjects) = preSolution
		{8D2C0E20-8473-4E68-9B38-CC75ED9320C6} = {070494C8-D247-4A49-89B6-A2519D7A10EF}
	EndGlobalSection
	GlobalSection(ExtensibilityGlobals) = postSolution
		SolutionGuid = {6CF210A7-6108-4CDA-A763-A9A564B28FDA}
	EndGlobalSection
EndGlobal
